
Microsoft Visual Studio Solution File, Format Version 12.00
# Visual Studio Version 16
VisualStudioVersion = 16.0.32929.386
MinimumVisualStudioVersion = 10.0.40219.1
Project("{9A19103F-16F7-4668-BE54-9A1E7A4F7556}") = "Task_1211", "Task_1211\Task_1211.csproj", "{F5694774-4338-4E39-A287-4459F25365FC}"
EndProject
Project("{FAE04EC0-301F-11D3-BF4B-00C04F79EFBC}") = "Тумаков 9", "Тумаков 9\Тумаков 9.csproj", "{67A6935B-1EEB-421E-B265-4DE1608EF158}"
EndProject
Global
	GlobalSection(SolutionConfigurationPlatforms) = preSolution
		Debug|Any CPU = Debug|Any CPU
		Release|Any CPU = Release|Any CPU
	EndGlobalSection
	GlobalSection(ProjectConfigurationPlatforms) = postSolution
		{F5694774-4338-4E39-A287-4459F25365FC}.Debug|Any CPU.ActiveCfg = Debug|Any CPU
		{F5694774-4338-4E39-A287-4459F25365FC}.Debug|Any CPU.Build.0 = Debug|Any CPU
		{F5694774-4338-4E39-A287-4459F25365FC}.Release|Any CPU.ActiveCfg = Release|Any CPU
		{F5694774-4338-4E39-A287-4459F25365FC}.Release|Any CPU.Build.0 = Release|Any CPU
		{67A6935B-1EEB-421E-B265-4DE1608EF158}.Debug|Any CPU.ActiveCfg = Debug|Any CPU
		{67A6935B-1EEB-421E-B265-4DE1608EF158}.Debug|Any CPU.Build.0 = Debug|Any CPU
		{67A6935B-1EEB-421E-B265-4DE1608EF158}.Release|Any CPU.ActiveCfg = Release|Any CPU
		{67A6935B-1EEB-421E-B265-4DE1608EF158}.Release|Any CPU.Build.0 = Release|Any CPU
	EndGlobalSection
	GlobalSection(SolutionProperties) = preSolution
		HideSolutionNode = FALSE
	EndGlobalSection
	GlobalSection(ExtensibilityGlobals) = postSolution
		SolutionGuid = {7900EF1B-14D7-4ADB-BB7A-48479268D2DE}
	EndGlobalSection
EndGlobal
